{
  "name": "merge-pdfs",
  "version": "1.0.0",
  "lockfileVersion": 1,
  "requires": true,
  "dependencies": {
    "easy-pdf-merge": {
      "version": "0.2.5",
      "resolved": "https://registry.npmjs.org/easy-pdf-merge/-/easy-pdf-merge-0.2.5.tgz",
      "integrity": "sha512-0RFqC50BfYTmB1USrR2fyxY3O2VL7qQAkff6iUULASMaNacaSdtFGUKa0yl/zmJOBRQdak51RRqqn4JxisUOiQ=="
    }
  }
}
